
Microsoft Visual Studio Solution File, Format Version 10.00
# Visual Studio 2008
Project("{E24C65DC-7377-472B-9ABA-BC803B73C61A}") = "TestWebService", "http://localhost/TestWebService", "{52DC8D6B-CB12-48BF-B007-75C5C9AED599}"
	ProjectSection(WebsiteProperties) = preProject
		TargetFramework = "3.5"
		Debug.AspNetCompiler.VirtualPath = "/TestWebService"
		Debug.AspNetCompiler.PhysicalPath = "D:\Project\TestSVN\new_job\demo\TestWebService\"
		Debug.AspNetCompiler.TargetPath = "PrecompiledWeb\TestWebService\"
		Debug.AspNetCompiler.Updateable = "true"
		Debug.AspNetCompiler.ForceOverwrite = "true"
		Debug.AspNetCompiler.FixedNames = "false"
		Debug.AspNetCompiler.Debug = "True"
		Release.AspNetCompiler.VirtualPath = "/TestWebService"
		Release.AspNetCompiler.PhysicalPath = "D:\Project\TestSVN\new_job\demo\TestWebService\"
		Release.AspNetCompiler.TargetPath = "PrecompiledWeb\TestWebService\"
		Release.AspNetCompiler.Updateable = "true"
		Release.AspNetCompiler.ForceOverwrite = "true"
		Release.AspNetCompiler.FixedNames = "false"
		Release.AspNetCompiler.Debug = "False"
		SlnRelativePath = "D:\Project\TestSVN\new_job\demo\TestWebService\"
	EndProjectSection
EndProject
Global
	GlobalSection(SolutionConfigurationPlatforms) = preSolution
		Debug|Any CPU = Debug|Any CPU
	EndGlobalSection
	GlobalSection(ProjectConfigurationPlatforms) = postSolution
		{52DC8D6B-CB12-48BF-B007-75C5C9AED599}.Debug|Any CPU.ActiveCfg = Debug|Any CPU
		{52DC8D6B-CB12-48BF-B007-75C5C9AED599}.Debug|Any CPU.Build.0 = Debug|Any CPU
	EndGlobalSection
	GlobalSection(SolutionProperties) = preSolution
		HideSolutionNode = FALSE
	EndGlobalSection
EndGlobal
